{
    "name": "nestjs-zod-monorepo",
    "version": "0.0.1",
    "lockfileVersion": 3,
    "requires": true,
    "packages": {
        "": {
            "name": "nestjs-zod-monorepo",
            "version": "0.0.1",
            "dependencies": {
                "syncpack": "^13.0.0"
            }
        },
        "node_modules/@babel/code-frame": {
            "version": "7.27.1",
            "resolved": "https://registry.npmjs.org/@babel/code-frame/-/code-frame-7.27.1.tgz",
            "integrity": "sha512-cjQ7ZlQ0Mv3b47hABuTevyTuYN4i+loJKGeV9flcCgIK37cCXRh+L1bd3iBHlynerhQ7BhCkn2BPbQUL+rGqFg==",
            "license": "MIT",
            "dependencies": {
                "@babel/helper-validator-identifier": "^7.27.1",
                "js-tokens": "^4.0.0",
                "picocolors": "^1.1.1"
            },
            "engines": {
                "node": ">=6.9.0"
            }
        },
        "node_modules/@babel/helper-validator-identifier": {
            "version": "7.27.1",
            "resolved": "https://registry.npmjs.org/@babel/helper-validator-identifier/-/helper-validator-identifier-7.27.1.tgz",
            "integrity": "sha512-D2hP9eA+Sqx1kBZgzxZh0y1trbuU+JoDkiEwqhQ36nodYqJwyEIhPSdMNd7lOm/4io72luTPWH20Yda0xOuUow==",
            "license": "MIT",
            "engines": {
                "node": ">=6.9.0"
            }
        },
        "node_modules/@nodelib/fs.scandir": {
            "version": "2.1.5",
            "resolved": "https://registry.npmjs.org/@nodelib/fs.scandir/-/fs.scandir-2.1.5.tgz",
            "integrity": "sha512-vq24Bq3ym5HEQm2NKCr3yXDwjc7vTsEThRDnkp2DK9p1uqLR+DHurm/NOTo0KG7HYHU7eppKZj3MyqYuMBf62g==",
            "license": "MIT",
            "dependencies": {
                "@nodelib/fs.stat": "2.0.5",
                "run-parallel": "^1.1.9"
            },
            "engines": {
                "node": ">= 8"
            }
        },
        "node_modules/@nodelib/fs.stat": {
            "version": "2.0.5",
            "resolved": "https://registry.npmjs.org/@nodelib/fs.stat/-/fs.stat-2.0.5.tgz",
            "integrity": "sha512-RkhPPp2zrqDAQA/2jNhnztcPAlv64XdhIp7a7454A5ovI7Bukxgt7MX7udwAu3zg1DcpPU0rz3VV1SeaqvY4+A==",
            "license": "MIT",
            "engines": {
                "node": ">= 8"
            }
        },
        "node_modules/@nodelib/fs.walk": {
            "version": "1.2.8",
            "resolved": "https://registry.npmjs.org/@nodelib/fs.walk/-/fs.walk-1.2.8.tgz",
            "integrity": "sha512-oGB+UxlgWcgQkgwo8GcEGwemoTFt3FIO9ababBmaGwXIoBKZ+GTy0pP185beGg7Llih/NSHSV2XAs1lnznocSg==",
            "license": "MIT",
            "dependencies": {
                "@nodelib/fs.scandir": "2.1.5",
                "fastq": "^1.6.0"
            },
            "engines": {
                "node": ">= 8"
            }
        },
        "node_modules/@sindresorhus/merge-streams": {
            "version": "2.3.0",
            "resolved": "https://registry.npmjs.org/@sindresorhus/merge-streams/-/merge-streams-2.3.0.tgz",
            "integrity": "sha512-LtoMMhxAlorcGhmFYI+LhPgbPZCkgP6ra1YL604EeF6U98pLlQ3iWIGMdWSC+vWmPBWBNgmDBAhnAobLROJmwg==",
            "license": "MIT",
            "engines": {
                "node": ">=18"
            },
            "funding": {
                "url": "https://github.com/sponsors/sindresorhus"
            }
        },
        "node_modules/@standard-schema/spec": {
            "version": "1.0.0",
            "resolved": "https://registry.npmjs.org/@standard-schema/spec/-/spec-1.0.0.tgz",
            "integrity": "sha512-m2bOd0f2RT9k8QJx1JN85cZYyH1RqFBdlwtkSlf4tBDYLCiiZnv1fIIwacK6cqwXavOydf0NPToMQgpKq+dVlA==",
            "license": "MIT"
        },
        "node_modules/ansi-colors": {
            "version": "4.1.3",
            "resolved": "https://registry.npmjs.org/ansi-colors/-/ansi-colors-4.1.3.tgz",
            "integrity": "sha512-/6w/C21Pm1A7aZitlI5Ni/2J6FFQN8i1Cvz3kHABAAbw93v/NlvKdVOqz7CCWz/3iv/JplRSEEZ83XION15ovw==",
            "license": "MIT",
            "engines": {
                "node": ">=6"
            }
        },
        "node_modules/ansi-regex": {
            "version": "5.0.1",
            "resolved": "https://registry.npmjs.org/ansi-regex/-/ansi-regex-5.0.1.tgz",
            "integrity": "sha512-quJQXlTSUGL2LH9SUXo8VwsY4soanhgo6LNSm84E1LBcE8s3O0wpdiRzyR9z/ZZJMlMWv37qOOb9pdJlMUEKFQ==",
            "license": "MIT",
            "engines": {
                "node": ">=8"
            }
        },
        "node_modules/argparse": {
            "version": "2.0.1",
            "resolved": "https://registry.npmjs.org/argparse/-/argparse-2.0.1.tgz",
            "integrity": "sha512-8+9WqebbFzpX9OR+Wa6O29asIogeRMzcGtAINdpMHHyAg10f05aSFVBbcEqGf/PXw1EjAZ+q2/bEBg3DvurK3Q==",
            "license": "Python-2.0"
        },
        "node_modules/balanced-match": {
            "version": "1.0.2",
            "resolved": "https://registry.npmjs.org/balanced-match/-/balanced-match-1.0.2.tgz",
            "integrity": "sha512-3oSeUO0TMV67hN1AmbXsK4yaqU7tjiHlbxRDZOpH0KW9+CeX4bRAaX0Anxt0tx2MrpRpWwQaPwIlISEJhYU5Pw==",
            "license": "MIT"
        },
        "node_modules/brace-expansion": {
            "version": "2.0.2",
            "resolved": "https://registry.npmjs.org/brace-expansion/-/brace-expansion-2.0.2.tgz",
            "integrity": "sha512-Jt0vHyM+jmUBqojB7E1NIYadt0vI0Qxjxd2TErW94wDz+E2LAm5vKMXXwg6ZZBTHPuUlDgQHKXvjGBdfcF1ZDQ==",
            "license": "MIT",
            "dependencies": {
                "balanced-match": "^1.0.0"
            }
        },
        "node_modules/braces": {
            "version": "3.0.3",
            "resolved": "https://registry.npmjs.org/braces/-/braces-3.0.3.tgz",
            "integrity": "sha512-yQbXgO/OSZVD2IsiLlro+7Hf6Q18EJrKSEsdoMzKePKXct3gvD8oLcOQdIzGupr5Fj+EDe8gO/lxc1BzfMpxvA==",
            "license": "MIT",
            "dependencies": {
                "fill-range": "^7.1.1"
            },
            "engines": {
                "node": ">=8"
            }
        },
        "node_modules/callsites": {
            "version": "3.1.0",
            "resolved": "https://registry.npmjs.org/callsites/-/callsites-3.1.0.tgz",
            "integrity": "sha512-P8BjAsXvZS+VIDUI11hHCQEv74YT67YUi5JJFNWIqL235sBmjX4+qx9Muvls5ivyNENctx46xQLQ3aTuE7ssaQ==",
            "license": "MIT",
            "engines": {
                "node": ">=6"
            }
        },
        "node_modules/chalk": {
            "version": "5.6.0",
            "resolved": "https://registry.npmjs.org/chalk/-/chalk-5.6.0.tgz",
            "integrity": "sha512-46QrSQFyVSEyYAgQ22hQ+zDa60YHA4fBstHmtSApj1Y5vKtG27fWowW03jCk5KcbXEWPZUIR894aARCA/G1kfQ==",
            "license": "MIT",
            "engines": {
                "node": "^12.17.0 || ^14.13 || >=16.0.0"
            },
            "funding": {
                "url": "https://github.com/chalk/chalk?sponsor=1"
            }
        },
        "node_modules/chalk-template": {
            "version": "1.1.0",
            "resolved": "https://registry.npmjs.org/chalk-template/-/chalk-template-1.1.0.tgz",
            "integrity": "sha512-T2VJbcDuZQ0Tb2EWwSotMPJjgpy1/tGee1BTpUNsGZ/qgNjV2t7Mvu+d4600U564nbLesN1x2dPL+xii174Ekg==",
            "license": "MIT",
            "dependencies": {
                "chalk": "^5.2.0"
            },
            "engines": {
                "node": ">=14.16"
            },
            "funding": {
                "url": "https://github.com/chalk/chalk-template?sponsor=1"
            }
        },
        "node_modules/cli-cursor": {
            "version": "5.0.0",
            "resolved": "https://registry.npmjs.org/cli-cursor/-/cli-cursor-5.0.0.tgz",
            "integrity": "sha512-aCj4O5wKyszjMmDT4tZj93kxyydN/K5zPWSCe6/0AV/AA1pqe5ZBIw0a2ZfPQV7lL5/yb5HsUreJ6UFAF1tEQw==",
            "license": "MIT",
            "dependencies": {
                "restore-cursor": "^5.0.0"
            },
            "engines": {
                "node": ">=18"
            },
            "funding": {
                "url": "https://github.com/sponsors/sindresorhus"
            }
        },
        "node_modules/cli-spinners": {
            "version": "2.9.2",
            "resolved": "https://registry.npmjs.org/cli-spinners/-/cli-spinners-2.9.2.tgz",
            "integrity": "sha512-ywqV+5MmyL4E7ybXgKys4DugZbX0FC6LnwrhjuykIjnK9k8OQacQ7axGKnjDXWNhns0xot3bZI5h55H8yo9cJg==",
            "license": "MIT",
            "engines": {
                "node": ">=6"
            },
            "funding": {
                "url": "https://github.com/sponsors/sindresorhus"
            }
        },
        "node_modules/commander": {
            "version": "13.1.0",
            "resolved": "https://registry.npmjs.org/commander/-/commander-13.1.0.tgz",
            "integrity": "sha512-/rFeCpNJQbhSZjGVwO9RFV3xPqbnERS8MmIQzCtD/zl6gpJuV/bMLuN92oG3F7d8oDEHHRrujSXNUr8fpjntKw==",
            "license": "MIT",
            "engines": {
                "node": ">=18"
            }
        },
        "node_modules/cosmiconfig": {
            "version": "9.0.0",
            "resolved": "https://registry.npmjs.org/cosmiconfig/-/cosmiconfig-9.0.0.tgz",
            "integrity": "sha512-itvL5h8RETACmOTFc4UfIyB2RfEHi71Ax6E/PivVxq9NseKbOWpeyHEOIbmAw1rs8Ak0VursQNww7lf7YtUwzg==",
            "license": "MIT",
            "dependencies": {
                "env-paths": "^2.2.1",
                "import-fresh": "^3.3.0",
                "js-yaml": "^4.1.0",
                "parse-json": "^5.2.0"
            },
            "engines": {
                "node": ">=14"
            },
            "funding": {
                "url": "https://github.com/sponsors/d-fischer"
            },
            "peerDependencies": {
                "typescript": ">=4.9.5"
            },
            "peerDependenciesMeta": {
                "typescript": {
                    "optional": true
                }
            }
        },
        "node_modules/effect": {
            "version": "3.17.9",
            "resolved": "https://registry.npmjs.org/effect/-/effect-3.17.9.tgz",
            "integrity": "sha512-Nkkn9n1zhy30Dq0MpQatDCH7nfYnOIiebkOHNxmmvoVnEDKCto+2ZwDDWFGzcN/ojwfqjRXWGC9Lo91K5kwZCg==",
            "license": "MIT",
            "dependencies": {
                "@standard-schema/spec": "^1.0.0",
                "fast-check": "^3.23.1"
            }
        },
        "node_modules/emoji-regex": {
            "version": "10.5.0",
            "resolved": "https://registry.npmjs.org/emoji-regex/-/emoji-regex-10.5.0.tgz",
            "integrity": "sha512-lb49vf1Xzfx080OKA0o6l8DQQpV+6Vg95zyCJX9VB/BqKYlhG7N4wgROUUHRA+ZPUefLnteQOad7z1kT2bV7bg==",
            "license": "MIT"
        },
        "node_modules/enquirer": {
            "version": "2.4.1",
            "resolved": "https://registry.npmjs.org/enquirer/-/enquirer-2.4.1.tgz",
            "integrity": "sha512-rRqJg/6gd538VHvR3PSrdRBb/1Vy2YfzHqzvbhGIQpDRKIa4FgV/54b5Q1xYSxOOwKvjXweS26E0Q+nAMwp2pQ==",
            "license": "MIT",
            "dependencies": {
                "ansi-colors": "^4.1.1",
                "strip-ansi": "^6.0.1"
            },
            "engines": {
                "node": ">=8.6"
            }
        },
        "node_modules/env-paths": {
            "version": "2.2.1",
            "resolved": "https://registry.npmjs.org/env-paths/-/env-paths-2.2.1.tgz",
            "integrity": "sha512-+h1lkLKhZMTYjog1VEpJNG7NZJWcuc2DDk/qsqSTRRCOXiLjeQ1d1/udrUGhqMxUgAlwKNZ0cf2uqan5GLuS2A==",
            "license": "MIT",
            "engines": {
                "node": ">=6"
            }
        },
        "node_modules/error-ex": {
            "version": "1.3.2",
            "resolved": "https://registry.npmjs.org/error-ex/-/error-ex-1.3.2.tgz",
            "integrity": "sha512-7dFHNmqeFSEt2ZBsCriorKnn3Z2pj+fd9kmI6QoWw4//DL+icEBfc0U7qJCisqrTsKTjw4fNFy2pW9OqStD84g==",
            "license": "MIT",
            "dependencies": {
                "is-arrayish": "^0.2.1"
            }
        },
        "node_modules/fast-check": {
            "version": "3.23.2",
            "resolved": "https://registry.npmjs.org/fast-check/-/fast-check-3.23.2.tgz",
            "integrity": "sha512-h5+1OzzfCC3Ef7VbtKdcv7zsstUQwUDlYpUTvjeUsJAssPgLn7QzbboPtL5ro04Mq0rPOsMzl7q5hIbRs2wD1A==",
            "funding": [
                {
                    "type": "individual",
                    "url": "https://github.com/sponsors/dubzzz"
                },
                {
                    "type": "opencollective",
                    "url": "https://opencollective.com/fast-check"
                }
            ],
            "license": "MIT",
            "dependencies": {
                "pure-rand": "^6.1.0"
            },
            "engines": {
                "node": ">=8.0.0"
            }
        },
        "node_modules/fast-glob": {
            "version": "3.3.3",
            "resolved": "https://registry.npmjs.org/fast-glob/-/fast-glob-3.3.3.tgz",
            "integrity": "sha512-7MptL8U0cqcFdzIzwOTHoilX9x5BrNqye7Z/LuC7kCMRio1EMSyqRK3BEAUD7sXRq4iT4AzTVuZdhgQ2TCvYLg==",
            "license": "MIT",
            "dependencies": {
                "@nodelib/fs.stat": "^2.0.2",
                "@nodelib/fs.walk": "^1.2.3",
                "glob-parent": "^5.1.2",
                "merge2": "^1.3.0",
                "micromatch": "^4.0.8"
            },
            "engines": {
                "node": ">=8.6.0"
            }
        },
        "node_modules/fastq": {
            "version": "1.19.1",
            "resolved": "https://registry.npmjs.org/fastq/-/fastq-1.19.1.tgz",
            "integrity": "sha512-GwLTyxkCXjXbxqIhTsMI2Nui8huMPtnxg7krajPJAjnEG/iiOS7i+zCtWGZR9G0NBKbXKh6X9m9UIsYX/N6vvQ==",
            "license": "ISC",
            "dependencies": {
                "reusify": "^1.0.4"
            }
        },
        "node_modules/fill-range": {
            "version": "7.1.1",
            "resolved": "https://registry.npmjs.org/fill-range/-/fill-range-7.1.1.tgz",
            "integrity": "sha512-YsGpe3WHLK8ZYi4tWDg2Jy3ebRz2rXowDxnld4bkQB00cc/1Zw9AWnC0i9ztDJitivtQvaI9KaLyKrc+hBW0yg==",
            "license": "MIT",
            "dependencies": {
                "to-regex-range": "^5.0.1"
            },
            "engines": {
                "node": ">=8"
            }
        },
        "node_modules/get-east-asian-width": {
            "version": "1.3.1",
            "resolved": "https://registry.npmjs.org/get-east-asian-width/-/get-east-asian-width-1.3.1.tgz",
            "integrity": "sha512-R1QfovbPsKmosqTnPoRFiJ7CF9MLRgb53ChvMZm+r4p76/+8yKDy17qLL2PKInORy2RkZZekuK0efYgmzTkXyQ==",
            "license": "MIT",
            "engines": {
                "node": ">=18"
            },
            "funding": {
                "url": "https://github.com/sponsors/sindresorhus"
            }
        },
        "node_modules/glob-parent": {
            "version": "5.1.2",
            "resolved": "https://registry.npmjs.org/glob-parent/-/glob-parent-5.1.2.tgz",
            "integrity": "sha512-AOIgSQCepiJYwP3ARnGx+5VnTu2HBYdzbGP45eLw1vr3zB3vZLeyed1sC9hnbcOc9/SrMyM5RPQrkGz4aS9Zow==",
            "license": "ISC",
            "dependencies": {
                "is-glob": "^4.0.1"
            },
            "engines": {
                "node": ">= 6"
            }
        },
        "node_modules/globby": {
            "version": "14.1.0",
            "resolved": "https://registry.npmjs.org/globby/-/globby-14.1.0.tgz",
            "integrity": "sha512-0Ia46fDOaT7k4og1PDW4YbodWWr3scS2vAr2lTbsplOt2WkKp0vQbkI9wKis/T5LV/dqPjO3bpS/z6GTJB82LA==",
            "license": "MIT",
            "dependencies": {
                "@sindresorhus/merge-streams": "^2.1.0",
                "fast-glob": "^3.3.3",
                "ignore": "^7.0.3",
                "path-type": "^6.0.0",
                "slash": "^5.1.0",
                "unicorn-magic": "^0.3.0"
            },
            "engines": {
                "node": ">=18"
            },
            "funding": {
                "url": "https://github.com/sponsors/sindresorhus"
            }
        },
        "node_modules/hosted-git-info": {
            "version": "8.1.0",
            "resolved": "https://registry.npmjs.org/hosted-git-info/-/hosted-git-info-8.1.0.tgz",
            "integrity": "sha512-Rw/B2DNQaPBICNXEm8balFz9a6WpZrkCGpcWFpy7nCj+NyhSdqXipmfvtmWt9xGfp0wZnBxB+iVpLmQMYt47Tw==",
            "license": "ISC",
            "dependencies": {
                "lru-cache": "^10.0.1"
            },
            "engines": {
                "node": "^18.17.0 || >=20.5.0"
            }
        },
        "node_modules/ignore": {
            "version": "7.0.5",
            "resolved": "https://registry.npmjs.org/ignore/-/ignore-7.0.5.tgz",
            "integrity": "sha512-Hs59xBNfUIunMFgWAbGX5cq6893IbWg4KnrjbYwX3tx0ztorVgTDA6B2sxf8ejHJ4wz8BqGUMYlnzNBer5NvGg==",
            "license": "MIT",
            "engines": {
                "node": ">= 4"
            }
        },
        "node_modules/import-fresh": {
            "version": "3.3.1",
            "resolved": "https://registry.npmjs.org/import-fresh/-/import-fresh-3.3.1.tgz",
            "integrity": "sha512-TR3KfrTZTYLPB6jUjfx6MF9WcWrHL9su5TObK4ZkYgBdWKPOFoSoQIdEuTuR82pmtxH2spWG9h6etwfr1pLBqQ==",
            "license": "MIT",
            "dependencies": {
                "parent-module": "^1.0.0",
                "resolve-from": "^4.0.0"
            },
            "engines": {
                "node": ">=6"
            },
            "funding": {
                "url": "https://github.com/sponsors/sindresorhus"
            }
        },
        "node_modules/is-arrayish": {
            "version": "0.2.1",
            "resolved": "https://registry.npmjs.org/is-arrayish/-/is-arrayish-0.2.1.tgz",
            "integrity": "sha512-zz06S8t0ozoDXMG+ube26zeCTNXcKIPJZJi8hBrF4idCLms4CG9QtK7qBl1boi5ODzFpjswb5JPmHCbMpjaYzg==",
            "license": "MIT"
        },
        "node_modules/is-extglob": {
            "version": "2.1.1",
            "resolved": "https://registry.npmjs.org/is-extglob/-/is-extglob-2.1.1.tgz",
            "integrity": "sha512-SbKbANkN603Vi4jEZv49LeVJMn4yGwsbzZworEoyEiutsN3nJYdbO36zfhGJ6QEDpOZIFkDtnq5JRxmvl3jsoQ==",
            "license": "MIT",
            "engines": {
                "node": ">=0.10.0"
            }
        },
        "node_modules/is-glob": {
            "version": "4.0.3",
            "resolved": "https://registry.npmjs.org/is-glob/-/is-glob-4.0.3.tgz",
            "integrity": "sha512-xelSayHH36ZgE7ZWhli7pW34hNbNl8Ojv5KVmkJD4hBdD3th8Tfk9vYasLM+mXWOZhFkgZfxhLSnrwRr4elSSg==",
            "license": "MIT",
            "dependencies": {
                "is-extglob": "^2.1.1"
            },
            "engines": {
                "node": ">=0.10.0"
            }
        },
        "node_modules/is-interactive": {
            "version": "2.0.0",
            "resolved": "https://registry.npmjs.org/is-interactive/-/is-interactive-2.0.0.tgz",
            "integrity": "sha512-qP1vozQRI+BMOPcjFzrjXuQvdak2pHNUMZoeG2eRbiSqyvbEf/wQtEOTOX1guk6E3t36RkaqiSt8A/6YElNxLQ==",
            "license": "MIT",
            "engines": {
                "node": ">=12"
            },
            "funding": {
                "url": "https://github.com/sponsors/sindresorhus"
            }
        },
        "node_modules/is-number": {
            "version": "7.0.0",
            "resolved": "https://registry.npmjs.org/is-number/-/is-number-7.0.0.tgz",
            "integrity": "sha512-41Cifkg6e8TylSpdtTpeLVMqvSBEVzTttHvERD741+pnZ8ANv0004MRL43QKPDlK9cGvNp6NZWZUBlbGXYxxng==",
            "license": "MIT",
            "engines": {
                "node": ">=0.12.0"
            }
        },
        "node_modules/is-unicode-supported": {
            "version": "2.1.0",
            "resolved": "https://registry.npmjs.org/is-unicode-supported/-/is-unicode-supported-2.1.0.tgz",
            "integrity": "sha512-mE00Gnza5EEB3Ds0HfMyllZzbBrmLOX3vfWoj9A9PEnTfratQ/BcaJOuMhnkhjXvb2+FkY3VuHqtAGpTPmglFQ==",
            "license": "MIT",
            "engines": {
                "node": ">=18"
            },
            "funding": {
                "url": "https://github.com/sponsors/sindresorhus"
            }
        },
        "node_modules/js-tokens": {
            "version": "4.0.0",
            "resolved": "https://registry.npmjs.org/js-tokens/-/js-tokens-4.0.0.tgz",
            "integrity": "sha512-RdJUflcE3cUzKiMqQgsCu06FPu9UdIJO0beYbPhHN4k6apgJtifcoCtT9bcxOpYBtpD2kCM6Sbzg4CausW/PKQ==",
            "license": "MIT"
        },
        "node_modules/js-yaml": {
            "version": "4.1.0",
            "resolved": "https://registry.npmjs.org/js-yaml/-/js-yaml-4.1.0.tgz",
            "integrity": "sha512-wpxZs9NoxZaJESJGIZTyDEaYpl0FKSA+FB9aJiyemKhMwkxQg63h4T1KJgUGHpTqPDNRcmmYLugrRjJlBtWvRA==",
            "license": "MIT",
            "dependencies": {
                "argparse": "^2.0.1"
            },
            "bin": {
                "js-yaml": "bin/js-yaml.js"
            }
        },
        "node_modules/json-parse-even-better-errors": {
            "version": "2.3.1",
            "resolved": "https://registry.npmjs.org/json-parse-even-better-errors/-/json-parse-even-better-errors-2.3.1.tgz",
            "integrity": "sha512-xyFwyhro/JEof6Ghe2iz2NcXoj2sloNsWr/XsERDK/oiPCfaNhl5ONfp+jQdAZRQQ0IJWNzH9zIZF7li91kh2w==",
            "license": "MIT"
        },
        "node_modules/jsonc-parser": {
            "version": "3.3.1",
            "resolved": "https://registry.npmjs.org/jsonc-parser/-/jsonc-parser-3.3.1.tgz",
            "integrity": "sha512-HUgH65KyejrUFPvHFPbqOY0rsFip3Bo5wb4ngvdi1EpCYWUQDC5V+Y7mZws+DLkr4M//zQJoanu1SP+87Dv1oQ==",
            "license": "MIT"
        },
        "node_modules/kleur": {
            "version": "3.0.3",
            "resolved": "https://registry.npmjs.org/kleur/-/kleur-3.0.3.tgz",
            "integrity": "sha512-eTIzlVOSUR+JxdDFepEYcBMtZ9Qqdef+rnzWdRZuMbOywu5tO2w2N7rqjoANZ5k9vywhL6Br1VRjUIgTQx4E8w==",
            "license": "MIT",
            "engines": {
                "node": ">=6"
            }
        },
        "node_modules/lines-and-columns": {
            "version": "1.2.4",
            "resolved": "https://registry.npmjs.org/lines-and-columns/-/lines-and-columns-1.2.4.tgz",
            "integrity": "sha512-7ylylesZQ/PV29jhEDl3Ufjo6ZX7gCqJr5F7PKrqc93v7fzSymt1BpwEU8nAUXs8qzzvqhbjhK5QZg6Mt/HkBg==",
            "license": "MIT"
        },
        "node_modules/log-symbols": {
            "version": "6.0.0",
            "resolved": "https://registry.npmjs.org/log-symbols/-/log-symbols-6.0.0.tgz",
            "integrity": "sha512-i24m8rpwhmPIS4zscNzK6MSEhk0DUWa/8iYQWxhffV8jkI4Phvs3F+quL5xvS0gdQR0FyTCMMH33Y78dDTzzIw==",
            "license": "MIT",
            "dependencies": {
                "chalk": "^5.3.0",
                "is-unicode-supported": "^1.3.0"
            },
            "engines": {
                "node": ">=18"
            },
            "funding": {
                "url": "https://github.com/sponsors/sindresorhus"
            }
        },
        "node_modules/log-symbols/node_modules/is-unicode-supported": {
            "version": "1.3.0",
            "resolved": "https://registry.npmjs.org/is-unicode-supported/-/is-unicode-supported-1.3.0.tgz",
            "integrity": "sha512-43r2mRvz+8JRIKnWJ+3j8JtjRKZ6GmjzfaE/qiBJnikNnYv/6bagRJ1kUhNk8R5EX/GkobD+r+sfxCPJsiKBLQ==",
            "license": "MIT",
            "engines": {
                "node": ">=12"
            },
            "funding": {
                "url": "https://github.com/sponsors/sindresorhus"
            }
        },
        "node_modules/lru-cache": {
            "version": "10.4.3",
            "resolved": "https://registry.npmjs.org/lru-cache/-/lru-cache-10.4.3.tgz",
            "integrity": "sha512-JNAzZcXrCt42VGLuYz0zfAzDfAvJWW6AfYlDBQyDV5DClI2m5sAmK+OIO7s59XfsRsWHp02jAJrRadPRGTt6SQ==",
            "license": "ISC"
        },
        "node_modules/merge2": {
            "version": "1.4.1",
            "resolved": "https://registry.npmjs.org/merge2/-/merge2-1.4.1.tgz",
            "integrity": "sha512-8q7VEgMJW4J8tcfVPy8g09NcQwZdbwFEqhe/WZkoIzjn/3TGDwtOCYtXGxA3O8tPzpczCCDgv+P2P5y00ZJOOg==",
            "license": "MIT",
            "engines": {
                "node": ">= 8"
            }
        },
        "node_modules/micromatch": {
            "version": "4.0.8",
            "resolved": "https://registry.npmjs.org/micromatch/-/micromatch-4.0.8.tgz",
            "integrity": "sha512-PXwfBhYu0hBCPw8Dn0E+WDYb7af3dSLVWKi3HGv84IdF4TyFoC0ysxFd0Goxw7nSv4T/PzEJQxsYsEiFCKo2BA==",
            "license": "MIT",
            "dependencies": {
                "braces": "^3.0.3",
                "picomatch": "^2.3.1"
            },
            "engines": {
                "node": ">=8.6"
            }
        },
        "node_modules/mimic-function": {
            "version": "5.0.1",
            "resolved": "https://registry.npmjs.org/mimic-function/-/mimic-function-5.0.1.tgz",
            "integrity": "sha512-VP79XUPxV2CigYP3jWwAUFSku2aKqBH7uTAapFWCBqutsbmDo96KY5o8uh6U+/YSIn5OxJnXp73beVkpqMIGhA==",
            "license": "MIT",
            "engines": {
                "node": ">=18"
            },
            "funding": {
                "url": "https://github.com/sponsors/sindresorhus"
            }
        },
        "node_modules/minimatch": {
            "version": "9.0.5",
            "resolved": "https://registry.npmjs.org/minimatch/-/minimatch-9.0.5.tgz",
            "integrity": "sha512-G6T0ZX48xgozx7587koeX9Ys2NYy6Gmv//P89sEte9V9whIapMNF4idKxnW2QtCcLiTWlb/wfCabAtAFWhhBow==",
            "license": "ISC",
            "dependencies": {
                "brace-expansion": "^2.0.1"
            },
            "engines": {
                "node": ">=16 || 14 >=14.17"
            },
            "funding": {
                "url": "https://github.com/sponsors/isaacs"
            }
        },
        "node_modules/npm-package-arg": {
            "version": "12.0.2",
            "resolved": "https://registry.npmjs.org/npm-package-arg/-/npm-package-arg-12.0.2.tgz",
            "integrity": "sha512-f1NpFjNI9O4VbKMOlA5QoBq/vSQPORHcTZ2feJpFkTHJ9eQkdlmZEKSjcAhxTGInC7RlEyScT9ui67NaOsjFWA==",
            "license": "ISC",
            "dependencies": {
                "hosted-git-info": "^8.0.0",
                "proc-log": "^5.0.0",
                "semver": "^7.3.5",
                "validate-npm-package-name": "^6.0.0"
            },
            "engines": {
                "node": "^18.17.0 || >=20.5.0"
            }
        },
        "node_modules/onetime": {
            "version": "7.0.0",
            "resolved": "https://registry.npmjs.org/onetime/-/onetime-7.0.0.tgz",
            "integrity": "sha512-VXJjc87FScF88uafS3JllDgvAm+c/Slfz06lorj2uAY34rlUu0Nt+v8wreiImcrgAjjIHp1rXpTDlLOGw29WwQ==",
            "license": "MIT",
            "dependencies": {
                "mimic-function": "^5.0.0"
            },
            "engines": {
                "node": ">=18"
            },
            "funding": {
                "url": "https://github.com/sponsors/sindresorhus"
            }
        },
        "node_modules/ora": {
            "version": "8.2.0",
            "resolved": "https://registry.npmjs.org/ora/-/ora-8.2.0.tgz",
            "integrity": "sha512-weP+BZ8MVNnlCm8c0Qdc1WSWq4Qn7I+9CJGm7Qali6g44e/PUzbjNqJX5NJ9ljlNMosfJvg1fKEGILklK9cwnw==",
            "license": "MIT",
            "dependencies": {
                "chalk": "^5.3.0",
                "cli-cursor": "^5.0.0",
                "cli-spinners": "^2.9.2",
                "is-interactive": "^2.0.0",
                "is-unicode-supported": "^2.0.0",
                "log-symbols": "^6.0.0",
                "stdin-discarder": "^0.2.2",
                "string-width": "^7.2.0",
                "strip-ansi": "^7.1.0"
            },
            "engines": {
                "node": ">=18"
            },
            "funding": {
                "url": "https://github.com/sponsors/sindresorhus"
            }
        },
        "node_modules/ora/node_modules/ansi-regex": {
            "version": "6.2.0",
            "resolved": "https://registry.npmjs.org/ansi-regex/-/ansi-regex-6.2.0.tgz",
            "integrity": "sha512-TKY5pyBkHyADOPYlRT9Lx6F544mPl0vS5Ew7BJ45hA08Q+t3GjbueLliBWN3sMICk6+y7HdyxSzC4bWS8baBdg==",
            "license": "MIT",
            "engines": {
                "node": ">=12"
            },
            "funding": {
                "url": "https://github.com/chalk/ansi-regex?sponsor=1"
            }
        },
        "node_modules/ora/node_modules/strip-ansi": {
            "version": "7.1.0",
            "resolved": "https://registry.npmjs.org/strip-ansi/-/strip-ansi-7.1.0.tgz",
            "integrity": "sha512-iq6eVVI64nQQTRYq2KtEg2d2uU7LElhTJwsH4YzIHZshxlgZms/wIc4VoDQTlG/IvVIrBKG06CrZnp0qv7hkcQ==",
            "license": "MIT",
            "dependencies": {
                "ansi-regex": "^6.0.1"
            },
            "engines": {
                "node": ">=12"
            },
            "funding": {
                "url": "https://github.com/chalk/strip-ansi?sponsor=1"
            }
        },
        "node_modules/parent-module": {
            "version": "1.0.1",
            "resolved": "https://registry.npmjs.org/parent-module/-/parent-module-1.0.1.tgz",
            "integrity": "sha512-GQ2EWRpQV8/o+Aw8YqtfZZPfNRWZYkbidE9k5rpl/hC3vtHHBfGm2Ifi6qWV+coDGkrUKZAxE3Lot5kcsRlh+g==",
            "license": "MIT",
            "dependencies": {
                "callsites": "^3.0.0"
            },
            "engines": {
                "node": ">=6"
            }
        },
        "node_modules/parse-json": {
            "version": "5.2.0",
            "resolved": "https://registry.npmjs.org/parse-json/-/parse-json-5.2.0.tgz",
            "integrity": "sha512-ayCKvm/phCGxOkYRSCM82iDwct8/EonSEgCSxWxD7ve6jHggsFl4fZVQBPRNgQoKiuV/odhFrGzQXZwbifC8Rg==",
            "license": "MIT",
            "dependencies": {
                "@babel/code-frame": "^7.0.0",
                "error-ex": "^1.3.1",
                "json-parse-even-better-errors": "^2.3.0",
                "lines-and-columns": "^1.1.6"
            },
            "engines": {
                "node": ">=8"
            },
            "funding": {
                "url": "https://github.com/sponsors/sindresorhus"
            }
        },
        "node_modules/path-type": {
            "version": "6.0.0",
            "resolved": "https://registry.npmjs.org/path-type/-/path-type-6.0.0.tgz",
            "integrity": "sha512-Vj7sf++t5pBD637NSfkxpHSMfWaeig5+DKWLhcqIYx6mWQz5hdJTGDVMQiJcw1ZYkhs7AazKDGpRVji1LJCZUQ==",
            "license": "MIT",
            "engines": {
                "node": ">=18"
            },
            "funding": {
                "url": "https://github.com/sponsors/sindresorhus"
            }
        },
        "node_modules/picocolors": {
            "version": "1.1.1",
            "resolved": "https://registry.npmjs.org/picocolors/-/picocolors-1.1.1.tgz",
            "integrity": "sha512-xceH2snhtb5M9liqDsmEw56le376mTZkEX/jEb/RxNFyegNul7eNslCXP9FDj/Lcu0X8KEyMceP2ntpaHrDEVA==",
            "license": "ISC"
        },
        "node_modules/picomatch": {
            "version": "2.3.1",
            "resolved": "https://registry.npmjs.org/picomatch/-/picomatch-2.3.1.tgz",
            "integrity": "sha512-JU3teHTNjmE2VCGFzuY8EXzCDVwEqB2a8fsIvwaStHhAWJEeVd1o1QD80CU6+ZdEXXSLbSsuLwJjkCBWqRQUVA==",
            "license": "MIT",
            "engines": {
                "node": ">=8.6"
            },
            "funding": {
                "url": "https://github.com/sponsors/jonschlinkert"
            }
        },
        "node_modules/proc-log": {
            "version": "5.0.0",
            "resolved": "https://registry.npmjs.org/proc-log/-/proc-log-5.0.0.tgz",
            "integrity": "sha512-Azwzvl90HaF0aCz1JrDdXQykFakSSNPaPoiZ9fm5qJIMHioDZEi7OAdRwSm6rSoPtY3Qutnm3L7ogmg3dc+wbQ==",
            "license": "ISC",
            "engines": {
                "node": "^18.17.0 || >=20.5.0"
            }
        },
        "node_modules/prompts": {
            "version": "2.4.2",
            "resolved": "https://registry.npmjs.org/prompts/-/prompts-2.4.2.tgz",
            "integrity": "sha512-NxNv/kLguCA7p3jE8oL2aEBsrJWgAakBpgmgK6lpPWV+WuOmY6r2/zbAVnP+T8bQlA0nzHXSJSJW0Hq7ylaD2Q==",
            "license": "MIT",
            "dependencies": {
                "kleur": "^3.0.3",
                "sisteransi": "^1.0.5"
            },
            "engines": {
                "node": ">= 6"
            }
        },
        "node_modules/pure-rand": {
            "version": "6.1.0",
            "resolved": "https://registry.npmjs.org/pure-rand/-/pure-rand-6.1.0.tgz",
            "integrity": "sha512-bVWawvoZoBYpp6yIoQtQXHZjmz35RSVHnUOTefl8Vcjr8snTPY1wnpSPMWekcFwbxI6gtmT7rSYPFvz71ldiOA==",
            "funding": [
                {
                    "type": "individual",
                    "url": "https://github.com/sponsors/dubzzz"
                },
                {
                    "type": "opencollective",
                    "url": "https://opencollective.com/fast-check"
                }
            ],
            "license": "MIT"
        },
        "node_modules/queue-microtask": {
            "version": "1.2.3",
            "resolved": "https://registry.npmjs.org/queue-microtask/-/queue-microtask-1.2.3.tgz",
            "integrity": "sha512-NuaNSa6flKT5JaSYQzJok04JzTL1CA6aGhv5rfLW3PgqA+M2ChpZQnAC8h8i4ZFkBS8X5RqkDBHA7r4hej3K9A==",
            "funding": [
                {
                    "type": "github",
                    "url": "https://github.com/sponsors/feross"
                },
                {
                    "type": "patreon",
                    "url": "https://www.patreon.com/feross"
                },
                {
                    "type": "consulting",
                    "url": "https://feross.org/support"
                }
            ],
            "license": "MIT"
        },
        "node_modules/read-yaml-file": {
            "version": "2.1.0",
            "resolved": "https://registry.npmjs.org/read-yaml-file/-/read-yaml-file-2.1.0.tgz",
            "integrity": "sha512-UkRNRIwnhG+y7hpqnycCL/xbTk7+ia9VuVTC0S+zVbwd65DI9eUpRMfsWIGrCWxTU/mi+JW8cHQCrv+zfCbEPQ==",
            "license": "MIT",
            "dependencies": {
                "js-yaml": "^4.0.0",
                "strip-bom": "^4.0.0"
            },
            "engines": {
                "node": ">=10.13"
            }
        },
        "node_modules/resolve-from": {
            "version": "4.0.0",
            "resolved": "https://registry.npmjs.org/resolve-from/-/resolve-from-4.0.0.tgz",
            "integrity": "sha512-pb/MYmXstAkysRFx8piNI1tGFNQIFA3vkE3Gq4EuA1dF6gHp/+vgZqsCGJapvy8N3Q+4o7FwvquPJcnZ7RYy4g==",
            "license": "MIT",
            "engines": {
                "node": ">=4"
            }
        },
        "node_modules/restore-cursor": {
            "version": "5.1.0",
            "resolved": "https://registry.npmjs.org/restore-cursor/-/restore-cursor-5.1.0.tgz",
            "integrity": "sha512-oMA2dcrw6u0YfxJQXm342bFKX/E4sG9rbTzO9ptUcR/e8A33cHuvStiYOwH7fszkZlZ1z/ta9AAoPk2F4qIOHA==",
            "license": "MIT",
            "dependencies": {
                "onetime": "^7.0.0",
                "signal-exit": "^4.1.0"
            },
            "engines": {
                "node": ">=18"
            },
            "funding": {
                "url": "https://github.com/sponsors/sindresorhus"
            }
        },
        "node_modules/reusify": {
            "version": "1.1.0",
            "resolved": "https://registry.npmjs.org/reusify/-/reusify-1.1.0.tgz",
            "integrity": "sha512-g6QUff04oZpHs0eG5p83rFLhHeV00ug/Yf9nZM6fLeUrPguBTkTQOdpAWWspMh55TZfVQDPaN3NQJfbVRAxdIw==",
            "license": "MIT",
            "engines": {
                "iojs": ">=1.0.0",
                "node": ">=0.10.0"
            }
        },
        "node_modules/run-parallel": {
            "version": "1.2.0",
            "resolved": "https://registry.npmjs.org/run-parallel/-/run-parallel-1.2.0.tgz",
            "integrity": "sha512-5l4VyZR86LZ/lDxZTR6jqL8AFE2S0IFLMP26AbjsLVADxHdhB/c0GUsH+y39UfCi3dzz8OlQuPmnaJOMoDHQBA==",
            "funding": [
                {
                    "type": "github",
                    "url": "https://github.com/sponsors/feross"
                },
                {
                    "type": "patreon",
                    "url": "https://www.patreon.com/feross"
                },
                {
                    "type": "consulting",
                    "url": "https://feross.org/support"
                }
            ],
            "license": "MIT",
            "dependencies": {
                "queue-microtask": "^1.2.2"
            }
        },
        "node_modules/semver": {
            "version": "7.7.2",
            "resolved": "https://registry.npmjs.org/semver/-/semver-7.7.2.tgz",
            "integrity": "sha512-RF0Fw+rO5AMf9MAyaRXI4AV0Ulj5lMHqVxxdSgiVbixSCXoEmmX/jk0CuJw4+3SqroYO9VoUh+HcuJivvtJemA==",
            "license": "ISC",
            "bin": {
                "semver": "bin/semver.js"
            },
            "engines": {
                "node": ">=10"
            }
        },
        "node_modules/signal-exit": {
            "version": "4.1.0",
            "resolved": "https://registry.npmjs.org/signal-exit/-/signal-exit-4.1.0.tgz",
            "integrity": "sha512-bzyZ1e88w9O1iNJbKnOlvYTrWPDl46O1bG0D3XInv+9tkPrxrN8jUUTiFlDkkmKWgn1M6CfIA13SuGqOa9Korw==",
            "license": "ISC",
            "engines": {
                "node": ">=14"
            },
            "funding": {
                "url": "https://github.com/sponsors/isaacs"
            }
        },
        "node_modules/sisteransi": {
            "version": "1.0.5",
            "resolved": "https://registry.npmjs.org/sisteransi/-/sisteransi-1.0.5.tgz",
            "integrity": "sha512-bLGGlR1QxBcynn2d5YmDX4MGjlZvy2MRBDRNHLJ8VI6l6+9FUiyTFNJ0IveOSP0bcXgVDPRcfGqA0pjaqUpfVg==",
            "license": "MIT"
        },
        "node_modules/slash": {
            "version": "5.1.0",
            "resolved": "https://registry.npmjs.org/slash/-/slash-5.1.0.tgz",
            "integrity": "sha512-ZA6oR3T/pEyuqwMgAKT0/hAv8oAXckzbkmR0UkUosQ+Mc4RxGoJkRmwHgHufaenlyAgE1Mxgpdcrf75y6XcnDg==",
            "license": "MIT",
            "engines": {
                "node": ">=14.16"
            },
            "funding": {
                "url": "https://github.com/sponsors/sindresorhus"
            }
        },
        "node_modules/stdin-discarder": {
            "version": "0.2.2",
            "resolved": "https://registry.npmjs.org/stdin-discarder/-/stdin-discarder-0.2.2.tgz",
            "integrity": "sha512-UhDfHmA92YAlNnCfhmq0VeNL5bDbiZGg7sZ2IvPsXubGkiNa9EC+tUTsjBRsYUAz87btI6/1wf4XoVvQ3uRnmQ==",
            "license": "MIT",
            "engines": {
                "node": ">=18"
            },
            "funding": {
                "url": "https://github.com/sponsors/sindresorhus"
            }
        },
        "node_modules/string-width": {
            "version": "7.2.0",
            "resolved": "https://registry.npmjs.org/string-width/-/string-width-7.2.0.tgz",
            "integrity": "sha512-tsaTIkKW9b4N+AEj+SVA+WhJzV7/zMhcSu78mLKWSk7cXMOSHsBKFWUs0fWwq8QyK3MgJBQRX6Gbi4kYbdvGkQ==",
            "license": "MIT",
            "dependencies": {
                "emoji-regex": "^10.3.0",
                "get-east-asian-width": "^1.0.0",
                "strip-ansi": "^7.1.0"
            },
            "engines": {
                "node": ">=18"
            },
            "funding": {
                "url": "https://github.com/sponsors/sindresorhus"
            }
        },
        "node_modules/string-width/node_modules/ansi-regex": {
            "version": "6.2.0",
            "resolved": "https://registry.npmjs.org/ansi-regex/-/ansi-regex-6.2.0.tgz",
            "integrity": "sha512-TKY5pyBkHyADOPYlRT9Lx6F544mPl0vS5Ew7BJ45hA08Q+t3GjbueLliBWN3sMICk6+y7HdyxSzC4bWS8baBdg==",
            "license": "MIT",
            "engines": {
                "node": ">=12"
            },
            "funding": {
                "url": "https://github.com/chalk/ansi-regex?sponsor=1"
            }
        },
        "node_modules/string-width/node_modules/strip-ansi": {
            "version": "7.1.0",
            "resolved": "https://registry.npmjs.org/strip-ansi/-/strip-ansi-7.1.0.tgz",
            "integrity": "sha512-iq6eVVI64nQQTRYq2KtEg2d2uU7LElhTJwsH4YzIHZshxlgZms/wIc4VoDQTlG/IvVIrBKG06CrZnp0qv7hkcQ==",
            "license": "MIT",
            "dependencies": {
                "ansi-regex": "^6.0.1"
            },
            "engines": {
                "node": ">=12"
            },
            "funding": {
                "url": "https://github.com/chalk/strip-ansi?sponsor=1"
            }
        },
        "node_modules/strip-ansi": {
            "version": "6.0.1",
            "resolved": "https://registry.npmjs.org/strip-ansi/-/strip-ansi-6.0.1.tgz",
            "integrity": "sha512-Y38VPSHcqkFrCpFnQ9vuSXmquuv5oXOKpGeT6aGrr3o3Gc9AlVa6JBfUSOCnbxGGZF+/0ooI7KrPuUSztUdU5A==",
            "license": "MIT",
            "dependencies": {
                "ansi-regex": "^5.0.1"
            },
            "engines": {
                "node": ">=8"
            }
        },
        "node_modules/strip-bom": {
            "version": "4.0.0",
            "resolved": "https://registry.npmjs.org/strip-bom/-/strip-bom-4.0.0.tgz",
            "integrity": "sha512-3xurFv5tEgii33Zi8Jtp55wEIILR9eh34FAW00PZf+JnSsTmV/ioewSgQl97JHvgjoRGwPShsWm+IdrxB35d0w==",
            "license": "MIT",
            "engines": {
                "node": ">=8"
            }
        },
        "node_modules/syncpack": {
            "version": "13.0.4",
            "resolved": "https://registry.npmjs.org/syncpack/-/syncpack-13.0.4.tgz",
            "integrity": "sha512-kJ9VlRxNCsBD5pJAE29oXeBYbPLhEySQmK4HdpsLv81I6fcDDW17xeJqMwiU3H7/woAVsbgq25DJNS8BeiN5+w==",
            "license": "MIT",
            "dependencies": {
                "chalk": "^5.4.1",
                "chalk-template": "^1.1.0",
                "commander": "^13.1.0",
                "cosmiconfig": "^9.0.0",
                "effect": "^3.13.7",
                "enquirer": "^2.4.1",
                "fast-check": "^3.23.2",
                "globby": "^14.1.0",
                "jsonc-parser": "^3.3.1",
                "minimatch": "9.0.5",
                "npm-package-arg": "^12.0.2",
                "ora": "^8.2.0",
                "prompts": "^2.4.2",
                "read-yaml-file": "^2.1.0",
                "semver": "^7.7.1",
                "tightrope": "0.2.0",
                "ts-toolbelt": "^9.6.0"
            },
            "bin": {
                "syncpack": "dist/bin.js",
                "syncpack-fix-mismatches": "dist/bin-fix-mismatches/index.js",
                "syncpack-format": "dist/bin-format/index.js",
                "syncpack-lint": "dist/bin-lint/index.js",
                "syncpack-lint-semver-ranges": "dist/bin-lint-semver-ranges/index.js",
                "syncpack-list": "dist/bin-list/index.js",
                "syncpack-list-mismatches": "dist/bin-list-mismatches/index.js",
                "syncpack-prompt": "dist/bin-prompt/index.js",
                "syncpack-set-semver-ranges": "dist/bin-set-semver-ranges/index.js",
                "syncpack-update": "dist/bin-update/index.js"
            },
            "engines": {
                "node": ">=18.18.0"
            }
        },
        "node_modules/tightrope": {
            "version": "0.2.0",
            "resolved": "https://registry.npmjs.org/tightrope/-/tightrope-0.2.0.tgz",
            "integrity": "sha512-Kw36UHxJEELq2VUqdaSGR2/8cAsPgMtvX8uGVU6Jk26O66PhXec0A5ZnRYs47btbtwPDpXXF66+Fo3vimCM9aQ==",
            "license": "MIT",
            "engines": {
                "node": ">=16"
            }
        },
        "node_modules/to-regex-range": {
            "version": "5.0.1",
            "resolved": "https://registry.npmjs.org/to-regex-range/-/to-regex-range-5.0.1.tgz",
            "integrity": "sha512-65P7iz6X5yEr1cwcgvQxbbIw7Uk3gOy5dIdtZ4rDveLqhrdJP+Li/Hx6tyK0NEb+2GCyneCMJiGqrADCSNk8sQ==",
            "license": "MIT",
            "dependencies": {
                "is-number": "^7.0.0"
            },
            "engines": {
                "node": ">=8.0"
            }
        },
        "node_modules/ts-toolbelt": {
            "version": "9.6.0",
            "resolved": "https://registry.npmjs.org/ts-toolbelt/-/ts-toolbelt-9.6.0.tgz",
            "integrity": "sha512-nsZd8ZeNUzukXPlJmTBwUAuABDe/9qtVDelJeT/qW0ow3ZS3BsQJtNkan1802aM9Uf68/Y8ljw86Hu0h5IUW3w==",
            "license": "Apache-2.0"
        },
        "node_modules/unicorn-magic": {
            "version": "0.3.0",
            "resolved": "https://registry.npmjs.org/unicorn-magic/-/unicorn-magic-0.3.0.tgz",
            "integrity": "sha512-+QBBXBCvifc56fsbuxZQ6Sic3wqqc3WWaqxs58gvJrcOuN83HGTCwz3oS5phzU9LthRNE9VrJCFCLUgHeeFnfA==",
            "license": "MIT",
            "engines": {
                "node": ">=18"
            },
            "funding": {
                "url": "https://github.com/sponsors/sindresorhus"
            }
        },
        "node_modules/validate-npm-package-name": {
            "version": "6.0.2",
            "resolved": "https://registry.npmjs.org/validate-npm-package-name/-/validate-npm-package-name-6.0.2.tgz",
            "integrity": "sha512-IUoow1YUtvoBBC06dXs8bR8B9vuA3aJfmQNKMoaPG/OFsPmoQvw8xh+6Ye25Gx9DQhoEom3Pcu9MKHerm/NpUQ==",
            "license": "ISC",
            "engines": {
                "node": "^18.17.0 || >=20.5.0"
            }
        }
    }
}
